
Microsoft Visual Studio Solution File, Format Version 12.00
Project("{FAE04EC0-301F-11D3-BF4B-00C04F79EFBC}") = "Microservices.PlatformService", "src\Microservices.PlatformService\Microservices.PlatformService.csproj", "{1321F87D-3A6F-439C-A153-E6B309BBB09E}"
EndProject
Project("{FAE04EC0-301F-11D3-BF4B-00C04F79EFBC}") = "Microservices.CommandsService", "src\Microservices.CommandsService\Microservices.CommandsService.csproj", "{F0233141-326C-4E81-A002-5CF0CDEB739C}"
EndProject
Project("{2150E333-8FDC-42A3-9474-1A3956D46DE8}") = "K8S", "K8S", "{4BD45C9E-15C2-4203-B3A8-90A45B850322}"
	ProjectSection(SolutionItems) = preProject
		src\K8S\commands-depl.yml = src\K8S\commands-depl.yml
		src\K8S\ingress-srv.yml = src\K8S\ingress-srv.yml
		src\K8S\local-pvc.yml = src\K8S\local-pvc.yml
		src\K8S\mssql-plat-depl.yml = src\K8S\mssql-plat-depl.yml
		src\K8S\platforms-depl.yml = src\K8S\platforms-depl.yml
		src\K8S\platforms-np-srv.yml = src\K8S\platforms-np-srv.yml
		src\K8S\rabbitmq-depl.yml = src\K8S\rabbitmq-depl.yml
	EndProjectSection
EndProject
Global
	GlobalSection(SolutionConfigurationPlatforms) = preSolution
		Debug|Any CPU = Debug|Any CPU
		Release|Any CPU = Release|Any CPU
	EndGlobalSection
	GlobalSection(ProjectConfigurationPlatforms) = postSolution
		{1321F87D-3A6F-439C-A153-E6B309BBB09E}.Debug|Any CPU.ActiveCfg = Debug|Any CPU
		{1321F87D-3A6F-439C-A153-E6B309BBB09E}.Debug|Any CPU.Build.0 = Debug|Any CPU
		{1321F87D-3A6F-439C-A153-E6B309BBB09E}.Release|Any CPU.ActiveCfg = Release|Any CPU
		{1321F87D-3A6F-439C-A153-E6B309BBB09E}.Release|Any CPU.Build.0 = Release|Any CPU
		{F0233141-326C-4E81-A002-5CF0CDEB739C}.Debug|Any CPU.ActiveCfg = Debug|Any CPU
		{F0233141-326C-4E81-A002-5CF0CDEB739C}.Debug|Any CPU.Build.0 = Debug|Any CPU
		{F0233141-326C-4E81-A002-5CF0CDEB739C}.Release|Any CPU.ActiveCfg = Release|Any CPU
		{F0233141-326C-4E81-A002-5CF0CDEB739C}.Release|Any CPU.Build.0 = Release|Any CPU
	EndGlobalSection
EndGlobal
